PODS:
  - Alamofire (4.7.3)
  - AlamofireObjectMapper (5.2.0):
    - Alamofire (~> 4.7)
    - ObjectMapper (~> 3.4)
  - CocoaLumberjack (3.7.2):
    - CocoaLumberjack/Core (= 3.7.2)
  - CocoaLumberjack/Core (3.7.2)
  - ObjectMapper (3.4.2)
  - PKHUD (5.0.0)
  - SVGKit (2.1.0):
    - CocoaLumberjack (~> 3.0)

DEPENDENCIES:
  - Alamofire (~> 4.7.3)
  - AlamofireObjectMapper (~> 5.2)
  - PKHUD (~> 5.0)
  - SVGKit (from `https://github.com/SVGKit/SVGKit.git`, branch `2.x`)

SPEC REPOS:
  trunk:
    - Alamofire
    - AlamofireObjectMapper
    - CocoaLumberjack
    - ObjectMapper
    - PKHUD

EXTERNAL SOURCES:
  SVGKit:
    :branch: 2.x
    :git: https://github.com/SVGKit/SVGKit.git

CHECKOUT OPTIONS:
  SVGKit:
    :commit: c40671b9a264f8f71831c4e0452736debfae2164
    :git: https://github.com/SVGKit/SVGKit.git

SPEC CHECKSUMS:
  Alamofire: c7287b6e5d7da964a70935e5db17046b7fde6568
  AlamofireObjectMapper: 92b6ce2423a9d159e686f6a1d514a009bf903ddc
  CocoaLumberjack: b7e05132ff94f6ae4dfa9d5bce9141893a21d9da
  ObjectMapper: 0d4402610f4e468903ae64629eec4784531e5c51
  PKHUD: 3c001512c6e002091184197a8de7a20420786e3b
  SVGKit: 8a2fc74258bdb2abb54d3b65f3dd68b0277a9c4d

PODFILE CHECKSUM: 700902e67b9fe360868ed2f0e159a3f2e123ec85

COCOAPODS: 1.10.0
